
Microsoft Visual Studio Solution File, Format Version 12.00
# Visual Studio Version 16
VisualStudioVersion = 16.0.30011.22
MinimumVisualStudioVersion = 10.0.40219.1
Project("{FAE04EC0-301F-11D3-BF4B-00C04F79EFBC}") = "webTravel", "webTravel\webTravel.csproj", "{DDC80E92-D79A-4B85-897E-8EA72AEEADAC}"
EndProject
Global
	GlobalSection(SolutionConfigurationPlatforms) = preSolution
		Debug|Any CPU = Debug|Any CPU
		Release|Any CPU = Release|Any CPU
	EndGlobalSection
	GlobalSection(ProjectConfigurationPlatforms) = postSolution
		{DDC80E92-D79A-4B85-897E-8EA72AEEADAC}.Debug|Any CPU.ActiveCfg = Debug|Any CPU
		{DDC80E92-D79A-4B85-897E-8EA72AEEADAC}.Debug|Any CPU.Build.0 = Debug|Any CPU
		{DDC80E92-D79A-4B85-897E-8EA72AEEADAC}.Release|Any CPU.ActiveCfg = Release|Any CPU
		{DDC80E92-D79A-4B85-897E-8EA72AEEADAC}.Release|Any CPU.Build.0 = Release|Any CPU
	EndGlobalSection
	GlobalSection(SolutionProperties) = preSolution
		HideSolutionNode = FALSE
	EndGlobalSection
	GlobalSection(ExtensibilityGlobals) = postSolution
		SolutionGuid = {8467F8E2-C8ED-4338-9950-4F0989AC7759}
	EndGlobalSection
EndGlobal
